
Microsoft Visual Studio Solution File, Format Version 10.00
# Visual Studio 2008
Project("{8BC9CEB8-8B4A-11D0-8D11-00A0C91BC942}") = "FCFM", "FCFM\FCFM.vcproj", "{F36F1D27-040A-4FFD-BDDE-63C7BECCF018}"
EndProject
Global
	GlobalSection(SolutionConfigurationPlatforms) = preSolution
		Debug|Win32 = Debug|Win32
		Release|Win32 = Release|Win32
	EndGlobalSection
	GlobalSection(ProjectConfigurationPlatforms) = postSolution
		{F36F1D27-040A-4FFD-BDDE-63C7BECCF018}.Debug|Win32.ActiveCfg = Debug|Win32
		{F36F1D27-040A-4FFD-BDDE-63C7BECCF018}.Debug|Win32.Build.0 = Debug|Win32
		{F36F1D27-040A-4FFD-BDDE-63C7BECCF018}.Release|Win32.ActiveCfg = Release|Win32
		{F36F1D27-040A-4FFD-BDDE-63C7BECCF018}.Release|Win32.Build.0 = Release|Win32
	EndGlobalSection
	GlobalSection(SolutionProperties) = preSolution
		HideSolutionNode = FALSE
	EndGlobalSection
EndGlobal
